// !$*UTF8*$!
{
	archiveVersion = 1;
	classes = {
	};
	objectVersion = 56;
	objects = {

/* Begin PBXBuildFile section */
		91D6EB8C2B919BF300AF7542 /* PrimoFioriApp.swift in Sources */ = {isa = PBXBuildFile; fileRef = 91D6EB8B2B919BF300AF7542 /* PrimoFioriApp.swift */; };
		91D6EB8E2B919BF300AF7542 /* ContentView.swift in Sources */ = {isa = PBXBuildFile; fileRef = 91D6EB8D2B919BF300AF7542 /* ContentView.swift */; };
		91D6EB902B919BF600AF7542 /* Assets.xcassets in Resources */ = {isa = PBXBuildFile; fileRef = 91D6EB8F2B919BF600AF7542 /* Assets.xcassets */; };
		91D6EB932B919BF600AF7542 /* Preview Assets.xcassets in Resources */ = {isa = PBXBuildFile; fileRef = 91D6EB922B919BF600AF7542 /* Preview Assets.xcassets */; };
		91D6EB952B919BF600AF7542 /* Persistence.swift in Sources */ = {isa = PBXBuildFile; fileRef = 91D6EB942B919BF600AF7542 /* Persistence.swift */; };
		91D6EB982B919BF600AF7542 /* PrimoFiori.xcdatamodeld in Sources */ = {isa = PBXBuildFile; fileRef = 91D6EB962B919BF600AF7542 /* PrimoFiori.xcdatamodeld */; };
		91D6EBA22B919BF600AF7542 /* PrimoFioriTests.swift in Sources */ = {isa = PBXBuildFile; fileRef = 91D6EBA12B919BF600AF7542 /* PrimoFioriTests.swift */; };
		91D6EBAC2B919BF600AF7542 /* PrimoFioriUITests.swift in Sources */ = {isa = PBXBuildFile; fileRef = 91D6EBAB2B919BF600AF7542 /* PrimoFioriUITests.swift */; };
		91D6EBAE2B919BF600AF7542 /* PrimoFioriUITestsLaunchTests.swift in Sources */ = {isa = PBXBuildFile; fileRef = 91D6EBAD2B919BF600AF7542 /* PrimoFioriUITestsLaunchTests.swift */; };
/* End PBXBuildFile section */

/* Begin PBXContainerItemProxy section */
		91D6EB9E2B919BF600AF7542 /* PBXContainerItemProxy */ = {
			isa = PBXContainerItemProxy;
			containerPortal = 91D6EB802B919BF300AF7542 /* Project object */;
			proxyType = 1;
			remoteGlobalIDString = 91D6EB872B919BF300AF7542;
			remoteInfo = PrimoFiori;
		};
		91D6EBA82B919BF600AF7542 /* PBXContainerItemProxy */ = {
			isa = PBXContainerItemProxy;
			containerPortal = 91D6EB802B919BF300AF7542 /* Project object */;
			proxyType = 1;
			remoteGlobalIDString = 91D6EB872B919BF300AF7542;
			remoteInfo = PrimoFiori;
		};
/* End PBXContainerItemProxy section */

/* Begin PBXFileReference section */
		91D6EB882B919BF300AF7542 /* PrimoFiori.app */ = {isa = PBXFileReference; explicitFileType = wrapper.application; includeInIndex = 0; path = PrimoFiori.app; sourceTree = BUILT_PRODUCTS_DIR; };
		91D6EB8B2B919BF300AF7542 /* PrimoFioriApp.swift */ = {isa = PBXFileReference; lastKnownFileType = sourcecode.swift; path = PrimoFioriApp.swift; sourceTree = "<group>"; };
		91D6EB8D2B919BF300AF7542 /* ContentView.swift */ = {isa = PBXFileReference; lastKnownFileType = sourcecode.swift; path = ContentView.swift; sourceTree = "<group>"; };
		91D6EB8F2B919BF600AF7542 /* Assets.xcassets */ = {isa = PBXFileReference; lastKnownFileType = folder.assetcatalog; path = Assets.xcassets; sourceTree = "<group>"; };
		91D6EB922B919BF600AF7542 /* Preview Assets.xcassets */ = {isa = PBXFileReference; lastKnownFileType = folder.assetcatalog; path = "Preview Assets.xcassets"; sourceTree = "<group>"; };
		91D6EB942B919BF600AF7542 /* Persistence.swift */ = {isa = PBXFileReference; lastKnownFileType = sourcecode.swift; path = Persistence.swift; sourceTree = "<group>"; };
		91D6EB972B919BF600AF7542 /* PrimoFiori.xcdatamodel */ = {isa = PBXFileReference; lastKnownFileType = wrapper.xcdatamodel; path = PrimoFiori.xcdatamodel; sourceTree = "<group>"; };
		91D6EB9D2B919BF600AF7542 /* PrimoFioriTests.xctest */ = {isa = PBXFileReference; explicitFileType = wrapper.cfbundle; includeInIndex = 0; path = PrimoFioriTests.xctest; sourceTree = BUILT_PRODUCTS_DIR; };
		91D6EBA12B919BF600AF7542 /* PrimoFioriTests.swift */ = {isa = PBXFileReference; lastKnownFileType = sourcecode.swift; path = PrimoFioriTests.swift; sourceTree = "<group>"; };
		91D6EBA72B919BF600AF7542 /* PrimoFioriUITests.xctest */ = {isa = PBXFileReference; explicitFileType = wrapper.cfbundle; includeInIndex = 0; path = PrimoFioriUITests.xctest; sourceTree = BUILT_PRODUCTS_DIR; };
		91D6EBAB2B919BF600AF7542 /* PrimoFioriUITests.swift */ = {isa = PBXFileReference; lastKnownFileType = sourcecode.swift; path = PrimoFioriUITests.swift; sourceTree = "<group>"; };
		91D6EBAD2B919BF600AF7542 /* PrimoFioriUITestsLaunchTests.swift */ = {isa = PBXFileReference; lastKnownFileType = sourcecode.swift; path = PrimoFioriUITestsLaunchTests.swift; sourceTree = "<group>"; };
/* End PBXFileReference section */

/* Begin PBXFrameworksBuildPhase section */
		91D6EB852B919BF300AF7542 /* Frameworks */ = {
			isa = PBXFrameworksBuildPhase;
			buildActionMask = 2147483647;
			files = (
			);
			runOnlyForDeploymentPostprocessing = 0;
		};
		91D6EB9A2B919BF600AF7542 /* Frameworks */ = {
			isa = PBXFrameworksBuildPhase;
			buildActionMask = 2147483647;
			files = (
			);
			runOnlyForDeploymentPostprocessing = 0;
		};
		91D6EBA42B919BF600AF7542 /* Frameworks */ = {
			isa = PBXFrameworksBuildPhase;
			buildActionMask = 2147483647;
			files = (
			);
			runOnlyForDeploymentPostprocessing = 0;
		};
/* End PBXFrameworksBuildPhase section */

/* Begin PBXGroup section */
		91D6EB7F2B919BF300AF7542 = {
			isa = PBXGroup;
			children = (
				91D6EB8A2B919BF300AF7542 /* PrimoFiori */,
				91D6EBA02B919BF600AF7542 /* PrimoFioriTests */,
				91D6EBAA2B919BF600AF7542 /* PrimoFioriUITests */,
				91D6EB892B919BF300AF7542 /* Products */,
			);
			sourceTree = "<group>";
		};
		91D6EB892B919BF300AF7542 /* Products */ = {
			isa = PBXGroup;
			children = (
				91D6EB882B919BF300AF7542 /* PrimoFiori.app */,
				91D6EB9D2B919BF600AF7542 /* PrimoFioriTests.xctest */,
				91D6EBA72B919BF600AF7542 /* PrimoFioriUITests.xctest */,
			);
			name = Products;
			sourceTree = "<group>";
		};
		91D6EB8A2B919BF300AF7542 /* PrimoFiori */ = {
			isa = PBXGroup;
			children = (
				91D6EB8B2B919BF300AF7542 /* PrimoFioriApp.swift */,
				91D6EB8D2B919BF300AF7542 /* ContentView.swift */,
				91D6EB8F2B919BF600AF7542 /* Assets.xcassets */,
				91D6EB942B919BF600AF7542 /* Persistence.swift */,
				91D6EB962B919BF600AF7542 /* PrimoFiori.xcdatamodeld */,
				91D6EB912B919BF600AF7542 /* Preview Content */,
			);
			path = PrimoFiori;
			sourceTree = "<group>";
		};
		91D6EB912B919BF600AF7542 /* Preview Content */ = {
			isa = PBXGroup;
			children = (
				91D6EB922B919BF600AF7542 /* Preview Assets.xcassets */,
			);
			path = "Preview Content";
			sourceTree = "<group>";
		};
		91D6EBA02B919BF600AF7542 /* PrimoFioriTests */ = {
			isa = PBXGroup;
			children = (
				91D6EBA12B919BF600AF7542 /* PrimoFioriTests.swift */,
			);
			path = PrimoFioriTests;
			sourceTree = "<group>";
		};
		91D6EBAA2B919BF600AF7542 /* PrimoFioriUITests */ = {
			isa = PBXGroup;
			children = (
				91D6EBAB2B919BF600AF7542 /* PrimoFioriUITests.swift */,
				91D6EBAD2B919BF600AF7542 /* PrimoFioriUITestsLaunchTests.swift */,
			);
			path = PrimoFioriUITests;
			sourceTree = "<group>";
		};
/* End PBXGroup section */

/* Begin PBXNativeTarget section */
		91D6EB872B919BF300AF7542 /* PrimoFiori */ = {
			isa = PBXNativeTarget;
			buildConfigurationList = 91D6EBB12B919BF600AF7542 /* Build configuration list for PBXNativeTarget "PrimoFiori" */;
			buildPhases = (
				91D6EB842B919BF300AF7542 /* Sources */,
				91D6EB852B919BF300AF7542 /* Frameworks */,
				91D6EB862B919BF300AF7542 /* Resources */,
			);
			buildRules = (
			);
			dependencies = (
			);
			name = PrimoFiori;
			productName = PrimoFiori;
			productReference = 91D6EB882B919BF300AF7542 /* PrimoFiori.app */;
			productType = "com.apple.product-type.application";
		};
		91D6EB9C2B919BF600AF7542 /* PrimoFioriTests */ = {
			isa = PBXNativeTarget;
			buildConfigurationList = 91D6EBB42B919BF600AF7542 /* Build configuration list for PBXNativeTarget "PrimoFioriTests" */;
			buildPhases = (
				91D6EB992B919BF600AF7542 /* Sources */,
				91D6EB9A2B919BF600AF7542 /* Frameworks */,
				91D6EB9B2B919BF600AF7542 /* Resources */,
			);
			buildRules = (
			);
			dependencies = (
				91D6EB9F2B919BF600AF7542 /* PBXTargetDependency */,
			);
			name = PrimoFioriTests;
			productName = PrimoFioriTests;
			productReference = 91D6EB9D2B919BF600AF7542 /* PrimoFioriTests.xctest */;
			productType = "com.apple.product-type.bundle.unit-test";
		};
		91D6EBA62B919BF600AF7542 /* PrimoFioriUITests */ = {
			isa = PBXNativeTarget;
			buildConfigurationList = 91D6EBB72B919BF600AF7542 /* Build configuration list for PBXNativeTarget "PrimoFioriUITests" */;
			buildPhases = (
				91D6EBA32B919BF600AF7542 /* Sources */,
				91D6EBA42B919BF600AF7542 /* Frameworks */,
				91D6EBA52B919BF600AF7542 /* Resources */,
			);
			buildRules = (
			);
			dependencies = (
				91D6EBA92B919BF600AF7542 /* PBXTargetDependency */,
			);
			name = PrimoFioriUITests;
			productName = PrimoFioriUITests;
			productReference = 91D6EBA72B919BF600AF7542 /* PrimoFioriUITests.xctest */;
			productType = "com.apple.product-type.bundle.ui-testing";
		};
/* End PBXNativeTarget section */

/* Begin PBXProject section */
		91D6EB802B919BF300AF7542 /* Project object */ = {
			isa = PBXProject;
			attributes = {
				BuildIndependentTargetsInParallel = 1;
				LastSwiftUpdateCheck = 1520;
				LastUpgradeCheck = 1520;
				TargetAttributes = {
					91D6EB872B919BF300AF7542 = {
						CreatedOnToolsVersion = 15.2;
					};
					91D6EB9C2B919BF600AF7542 = {
						CreatedOnToolsVersion = 15.2;
						TestTargetID = 91D6EB872B919BF300AF7542;
					};
					91D6EBA62B919BF600AF7542 = {
						CreatedOnToolsVersion = 15.2;
						TestTargetID = 91D6EB872B919BF300AF7542;
					};
				};
			};
			buildConfigurationList = 91D6EB832B919BF300AF7542 /* Build configuration list for PBXProject "PrimoFiori" */;
			compatibilityVersion = "Xcode 14.0";
			developmentRegion = en;
			hasScannedForEncodings = 0;
			knownRegions = (
				en,
				Base,
			);
			mainGroup = 91D6EB7F2B919BF300AF7542;
			productRefGroup = 91D6EB892B919BF300AF7542 /* Products */;
			projectDirPath = "";
			projectRoot = "";
			targets = (
				91D6EB872B919BF300AF7542 /* PrimoFiori */,
				91D6EB9C2B919BF600AF7542 /* PrimoFioriTests */,
				91D6EBA62B919BF600AF7542 /* PrimoFioriUITests */,
			);
		};
/* End PBXProject section */

/* Begin PBXResourcesBuildPhase section */
		91D6EB862B919BF300AF7542 /* Resources */ = {
			isa = PBXResourcesBuildPhase;
			buildActionMask = 2147483647;
			files = (
				91D6EB932B919BF600AF7542 /* Preview Assets.xcassets in Resources */,
				91D6EB902B919BF600AF7542 /* Assets.xcassets in Resources */,
			);
			runOnlyForDeploymentPostprocessing = 0;
		};
		91D6EB9B2B919BF600AF7542 /* Resources */ = {
			isa = PBXResourcesBuildPhase;
			buildActionMask = 2147483647;
			files = (
			);
			runOnlyForDeploymentPostprocessing = 0;
		};
		91D6EBA52B919BF600AF7542 /* Resources */ = {
			isa = PBXResourcesBuildPhase;
			buildActionMask = 2147483647;
			files = (
			);
			runOnlyForDeploymentPostprocessing = 0;
		};
/* End PBXResourcesBuildPhase section */

/* Begin PBXSourcesBuildPhase section */
		91D6EB842B919BF300AF7542 /* Sources */ = {
			isa = PBXSourcesBuildPhase;
			buildActionMask = 2147483647;
			files = (
				91D6EB952B919BF600AF7542 /* Persistence.swift in Sources */,
				91D6EB8E2B919BF300AF7542 /* ContentView.swift in Sources */,
				91D6EB8C2B919BF300AF7542 /* PrimoFioriApp.swift in Sources */,
				91D6EB982B919BF600AF7542 /* PrimoFiori.xcdatamodeld in Sources */,
			);
			runOnlyForDeploymentPostprocessing = 0;
		};
		91D6EB992B919BF600AF7542 /* Sources */ = {
			isa = PBXSourcesBuildPhase;
			buildActionMask = 2147483647;
			files = (
				91D6EBA22B919BF600AF7542 /* PrimoFioriTests.swift in Sources */,
			);
			runOnlyForDeploymentPostprocessing = 0;
		};
		91D6EBA32B919BF600AF7542 /* Sources */ = {
			isa = PBXSourcesBuildPhase;
			buildActionMask = 2147483647;
			files = (
				91D6EBAE2B919BF600AF7542 /* PrimoFioriUITestsLaunchTests.swift in Sources */,
				91D6EBAC2B919BF600AF7542 /* PrimoFioriUITests.swift in Sources */,
			);
			runOnlyForDeploymentPostprocessing = 0;
		};
/* End PBXSourcesBuildPhase section */

/* Begin PBXTargetDependency section */
		91D6EB9F2B919BF600AF7542 /* PBXTargetDependency */ = {
			isa = PBXTargetDependency;
			target = 91D6EB872B919BF300AF7542 /* PrimoFiori */;
			targetProxy = 91D6EB9E2B919BF600AF7542 /* PBXContainerItemProxy */;
		};
		91D6EBA92B919BF600AF7542 /* PBXTargetDependency */ = {
			isa = PBXTargetDependency;
			target = 91D6EB872B919BF300AF7542 /* PrimoFiori */;
			targetProxy = 91D6EBA82B919BF600AF7542 /* PBXContainerItemProxy */;
		};
/* End PBXTargetDependency section */

/* Begin XCBuildConfiguration section */
		91D6EBAF2B919BF600AF7542 /* Debug */ = {
			isa = XCBuildConfiguration;
			buildSettings = {
				ALWAYS_SEARCH_USER_PATHS = NO;
				ASSETCATALOG_COMPILER_GENERATE_SWIFT_ASSET_SYMBOL_EXTENSIONS = YES;
				CLANG_ANALYZER_NONNULL = YES;
				CLANG_ANALYZER_NUMBER_OBJECT_CONVERSION = YES_AGGRESSIVE;
				CLANG_CXX_LANGUAGE_STANDARD = "gnu++20";
				CLANG_ENABLE_MODULES = YES;
				CLANG_ENABLE_OBJC_ARC = YES;
				CLANG_ENABLE_OBJC_WEAK = YES;
				CLANG_WARN_BLOCK_CAPTURE_AUTORELEASING = YES;
				CLANG_WARN_BOOL_CONVERSION = YES;
				CLANG_WARN_COMMA = YES;
				CLANG_WARN_CONSTANT_CONVERSION = YES;
				CLANG_WARN_DEPRECATED_OBJC_IMPLEMENTATIONS = YES;
				CLANG_WARN_DIRECT_OBJC_ISA_USAGE = YES_ERROR;
				CLANG_WARN_DOCUMENTATION_COMMENTS = YES;
				CLANG_WARN_EMPTY_BODY = YES;
				CLANG_WARN_ENUM_CONVERSION = YES;
				CLANG_WARN_INFINITE_RECURSION = YES;
				CLANG_WARN_INT_CONVERSION = YES;
				CLANG_WARN_NON_LITERAL_NULL_CONVERSION = YES;
				CLANG_WARN_OBJC_IMPLICIT_RETAIN_SELF = YES;
				CLANG_WARN_OBJC_LITERAL_CONVERSION = YES;
				CLANG_WARN_OBJC_ROOT_CLASS = YES_ERROR;
				CLANG_WARN_QUOTED_INCLUDE_IN_FRAMEWORK_HEADER = YES;
				CLANG_WARN_RANGE_LOOP_ANALYSIS = YES;
				CLANG_WARN_STRICT_PROTOTYPES = YES;
				CLANG_WARN_SUSPICIOUS_MOVE = YES;
				CLANG_WARN_UNGUARDED_AVAILABILITY = YES_AGGRESSIVE;
				CLANG_WARN_UNREACHABLE_CODE = YES;
				CLANG_WARN__DUPLICATE_METHOD_MATCH = YES;
				COPY_PHASE_STRIP = NO;
				DEBUG_INFORMATION_FORMAT = dwarf;
				ENABLE_STRICT_OBJC_MSGSEND = YES;
				ENABLE_TESTABILITY = YES;
				ENABLE_USER_SCRIPT_SANDBOXING = YES;
				GCC_C_LANGUAGE_STANDARD = gnu17;
				GCC_DYNAMIC_NO_PIC = NO;
				GCC_NO_COMMON_BLOCKS = YES;
				GCC_OPTIMIZATION_LEVEL = 0;
				GCC_PREPROCESSOR_DEFINITIONS = (
					"DEBUG=1",
					"$(inherited)",
				);
				GCC_WARN_64_TO_32_BIT_CONVERSION = YES;
				GCC_WARN_ABOUT_RETURN_TYPE = YES_ERROR;
				GCC_WARN_UNDECLARED_SELECTOR = YES;
				GCC_WARN_UNINITIALIZED_AUTOS = YES_AGGRESSIVE;
				GCC_WARN_UNUSED_FUNCTION = YES;
				GCC_WARN_UNUSED_VARIABLE = YES;
				IPHONEOS_DEPLOYMENT_TARGET = 17.2;
				LOCALIZATION_PREFERS_STRING_CATALOGS = YES;
				MTL_ENABLE_DEBUG_INFO = INCLUDE_SOURCE;
				MTL_FAST_MATH = YES;
				ONLY_ACTIVE_ARCH = YES;
				SDKROOT = iphoneos;
				SWIFT_ACTIVE_COMPILATION_CONDITIONS = "DEBUG $(inherited)";
				SWIFT_OPTIMIZATION_LEVEL = "-Onone";
			};
			name = Debug;
		};
		91D6EBB02B919BF600AF7542 /* Release */ = {
			isa = XCBuildConfiguration;
			buildSettings = {
				ALWAYS_SEARCH_USER_PATHS = NO;
				ASSETCATALOG_COMPILER_GENERATE_SWIFT_ASSET_SYMBOL_EXTENSIONS = YES;
				CLANG_ANALYZER_NONNULL = YES;
				CLANG_ANALYZER_NUMBER_OBJECT_CONVERSION = YES_AGGRESSIVE;
				CLANG_CXX_LANGUAGE_STANDARD = "gnu++20";
				CLANG_ENABLE_MODULES = YES;
				CLANG_ENABLE_OBJC_ARC = YES;
				CLANG_ENABLE_OBJC_WEAK = YES;
				CLANG_WARN_BLOCK_CAPTURE_AUTORELEASING = YES;
				CLANG_WARN_BOOL_CONVERSION = YES;
				CLANG_WARN_COMMA = YES;
				CLANG_WARN_CONSTANT_CONVERSION = YES;
				CLANG_WARN_DEPRECATED_OBJC_IMPLEMENTATIONS = YES;
				CLANG_WARN_DIRECT_OBJC_ISA_USAGE = YES_ERROR;
				CLANG_WARN_DOCUMENTATION_COMMENTS = YES;
				CLANG_WARN_EMPTY_BODY = YES;
				CLANG_WARN_ENUM_CONVERSION = YES;
				CLANG_WARN_INFINITE_RECURSION = YES;
				CLANG_WARN_INT_CONVERSION = YES;
				CLANG_WARN_NON_LITERAL_NULL_CONVERSION = YES;
				CLANG_WARN_OBJC_IMPLICIT_RETAIN_SELF = YES;
				CLANG_WARN_OBJC_LITERAL_CONVERSION = YES;
				CLANG_WARN_OBJC_ROOT_CLASS = YES_ERROR;
				CLANG_WARN_QUOTED_INCLUDE_IN_FRAMEWORK_HEADER = YES;
				CLANG_WARN_RANGE_LOOP_ANALYSIS = YES;
				CLANG_WARN_STRICT_PROTOTYPES = YES;
				CLANG_WARN_SUSPICIOUS_MOVE = YES;
				CLANG_WARN_UNGUARDED_AVAILABILITY = YES_AGGRESSIVE;
				CLANG_WARN_UNREACHABLE_CODE = YES;
				CLANG_WARN__DUPLICATE_METHOD_MATCH = YES;
				COPY_PHASE_STRIP = NO;
				DEBUG_INFORMATION_FORMAT = "dwarf-with-dsym";
				ENABLE_NS_ASSERTIONS = NO;
				ENABLE_STRICT_OBJC_MSGSEND = YES;
				ENABLE_USER_SCRIPT_SANDBOXING = YES;
				GCC_C_LANGUAGE_STANDARD = gnu17;
				GCC_NO_COMMON_BLOCKS = YES;
				GCC_WARN_64_TO_32_BIT_CONVERSION = YES;
				GCC_WARN_ABOUT_RETURN_TYPE = YES_ERROR;
				GCC_WARN_UNDECLARED_SELECTOR = YES;
				GCC_WARN_UNINITIALIZED_AUTOS = YES_AGGRESSIVE;
				GCC_WARN_UNUSED_FUNCTION = YES;
				GCC_WARN_UNUSED_VARIABLE = YES;
				IPHONEOS_DEPLOYMENT_TARGET = 17.2;
				LOCALIZATION_PREFERS_STRING_CATALOGS = YES;
				MTL_ENABLE_DEBUG_INFO = NO;
				MTL_FAST_MATH = YES;
				SDKROOT = iphoneos;
				SWIFT_COMPILATION_MODE = wholemodule;
				VALIDATE_PRODUCT = YES;
			};
			name = Release;
		};
		91D6EBB22B919BF600AF7542 /* Debug */ = {
			isa = XCBuildConfiguration;
			buildSettings = {
				ASSETCATALOG_COMPILER_APPICON_NAME = AppIcon;
				ASSETCATALOG_COMPILER_GLOBAL_ACCENT_COLOR_NAME = AccentColor;
				CODE_SIGN_STYLE = Automatic;
				CURRENT_PROJECT_VERSION = 1;
				DEVELOPMENT_ASSET_PATHS = "\"PrimoFiori/Preview Content\"";
				ENABLE_PREVIEWS = YES;
				GENERATE_INFOPLIST_FILE = YES;
				INFOPLIST_KEY_UIApplicationSceneManifest_Generation = YES;
				INFOPLIST_KEY_UIApplicationSupportsIndirectInputEvents = YES;
				INFOPLIST_KEY_UILaunchScreen_Generation = YES;
				INFOPLIST_KEY_UISupportedInterfaceOrientations_iPad = "UIInterfaceOrientationPortrait UIInterfaceOrientationPortraitUpsideDown UIInterfaceOrientationLandscapeLeft UIInterfaceOrientationLandscapeRight";
				INFOPLIST_KEY_UISupportedInterfaceOrientations_iPhone = "UIInterfaceOrientationPortrait UIInterfaceOrientationLandscapeLeft UIInterfaceOrientationLandscapeRight";
				LD_RUNPATH_SEARCH_PATHS = (
					"$(inherited)",
					"@executable_path/Frameworks",
				);
				MARKETING_VERSION = 1.0;
				PRODUCT_BUNDLE_IDENTIFIER = io.dougwade.PrimoFiori;
				PRODUCT_NAME = "$(TARGET_NAME)";
				SWIFT_EMIT_LOC_STRINGS = YES;
				SWIFT_VERSION = 5.0;
				TARGETED_DEVICE_FAMILY = "1,2";
			};
			name = Debug;
		};
		91D6EBB32B919BF600AF7542 /* Release */ = {
			isa = XCBuildConfiguration;
			buildSettings = {
				ASSETCATALOG_COMPILER_APPICON_NAME = AppIcon;
				ASSETCATALOG_COMPILER_GLOBAL_ACCENT_COLOR_NAME = AccentColor;
				CODE_SIGN_STYLE = Automatic;
				CURRENT_PROJECT_VERSION = 1;
				DEVELOPMENT_ASSET_PATHS = "\"PrimoFiori/Preview Content\"";
				ENABLE_PREVIEWS = YES;
				GENERATE_INFOPLIST_FILE = YES;
				INFOPLIST_KEY_UIApplicationSceneManifest_Generation = YES;
				INFOPLIST_KEY_UIApplicationSupportsIndirectInputEvents = YES;
				INFOPLIST_KEY_UILaunchScreen_Generation = YES;
				INFOPLIST_KEY_UISupportedInterfaceOrientations_iPad = "UIInterfaceOrientationPortrait UIInterfaceOrientationPortraitUpsideDown UIInterfaceOrientationLandscapeLeft UIInterfaceOrientationLandscapeRight";
				INFOPLIST_KEY_UISupportedInterfaceOrientations_iPhone = "UIInterfaceOrientationPortrait UIInterfaceOrientationLandscapeLeft UIInterfaceOrientationLandscapeRight";
				LD_RUNPATH_SEARCH_PATHS = (
					"$(inherited)",
					"@executable_path/Frameworks",
				);
				MARKETING_VERSION = 1.0;
				PRODUCT_BUNDLE_IDENTIFIER = io.dougwade.PrimoFiori;
				PRODUCT_NAME = "$(TARGET_NAME)";
				SWIFT_EMIT_LOC_STRINGS = YES;
				SWIFT_VERSION = 5.0;
				TARGETED_DEVICE_FAMILY = "1,2";
			};
			name = Release;
		};
		91D6EBB52B919BF600AF7542 /* Debug */ = {
			isa = XCBuildConfiguration;
			buildSettings = {
				ALWAYS_EMBED_SWIFT_STANDARD_LIBRARIES = YES;
				BUNDLE_LOADER = "$(TEST_HOST)";
				CODE_SIGN_STYLE = Automatic;
				CURRENT_PROJECT_VERSION = 1;
				GENERATE_INFOPLIST_FILE = YES;
				IPHONEOS_DEPLOYMENT_TARGET = 17.2;
				MARKETING_VERSION = 1.0;
				PRODUCT_BUNDLE_IDENTIFIER = io.dougwade.PrimoFioriTests;
				PRODUCT_NAME = "$(TARGET_NAME)";
				SWIFT_EMIT_LOC_STRINGS = NO;
				SWIFT_VERSION = 5.0;
				TARGETED_DEVICE_FAMILY = "1,2";
				TEST_HOST = "$(BUILT_PRODUCTS_DIR)/PrimoFiori.app/$(BUNDLE_EXECUTABLE_FOLDER_PATH)/PrimoFiori";
			};
			name = Debug;
		};
		91D6EBB62B919BF600AF7542 /* Release */ = {
			isa = XCBuildConfiguration;
			buildSettings = {
				ALWAYS_EMBED_SWIFT_STANDARD_LIBRARIES = YES;
				BUNDLE_LOADER = "$(TEST_HOST)";
				CODE_SIGN_STYLE = Automatic;
				CURRENT_PROJECT_VERSION = 1;
				GENERATE_INFOPLIST_FILE = YES;
				IPHONEOS_DEPLOYMENT_TARGET = 17.2;
				MARKETING_VERSION = 1.0;
				PRODUCT_BUNDLE_IDENTIFIER = io.dougwade.PrimoFioriTests;
				PRODUCT_NAME = "$(TARGET_NAME)";
				SWIFT_EMIT_LOC_STRINGS = NO;
				SWIFT_VERSION = 5.0;
				TARGETED_DEVICE_FAMILY = "1,2";
				TEST_HOST = "$(BUILT_PRODUCTS_DIR)/PrimoFiori.app/$(BUNDLE_EXECUTABLE_FOLDER_PATH)/PrimoFiori";
			};
			name = Release;
		};
		91D6EBB82B919BF600AF7542 /* Debug */ = {
			isa = XCBuildConfiguration;
			buildSettings = {
				ALWAYS_EMBED_SWIFT_STANDARD_LIBRARIES = YES;
				CODE_SIGN_STYLE = Automatic;
				CURRENT_PROJECT_VERSION = 1;
				GENERATE_INFOPLIST_FILE = YES;
				MARKETING_VERSION = 1.0;
				PRODUCT_BUNDLE_IDENTIFIER = io.dougwade.PrimoFioriUITests;
				PRODUCT_NAME = "$(TARGET_NAME)";
				SWIFT_EMIT_LOC_STRINGS = NO;
				SWIFT_VERSION = 5.0;
				TARGETED_DEVICE_FAMILY = "1,2";
				TEST_TARGET_NAME = PrimoFiori;
			};
			name = Debug;
		};
		91D6EBB92B919BF600AF7542 /* Release */ = {
			isa = XCBuildConfiguration;
			buildSettings = {
				ALWAYS_EMBED_SWIFT_STANDARD_LIBRARIES = YES;
				CODE_SIGN_STYLE = Automatic;
				CURRENT_PROJECT_VERSION = 1;
				GENERATE_INFOPLIST_FILE = YES;
				MARKETING_VERSION = 1.0;
				PRODUCT_BUNDLE_IDENTIFIER = io.dougwade.PrimoFioriUITests;
				PRODUCT_NAME = "$(TARGET_NAME)";
				SWIFT_EMIT_LOC_STRINGS = NO;
				SWIFT_VERSION = 5.0;
				TARGETED_DEVICE_FAMILY = "1,2";
				TEST_TARGET_NAME = PrimoFiori;
			};
			name = Release;
		};
/* End XCBuildConfiguration section */

/* Begin XCConfigurationList section */
		91D6EB832B919BF300AF7542 /* Build configuration list for PBXProject "PrimoFiori" */ = {
			isa = XCConfigurationList;
			buildConfigurations = (
				91D6EBAF2B919BF600AF7542 /* Debug */,
				91D6EBB02B919BF600AF7542 /* Release */,
			);
			defaultConfigurationIsVisible = 0;
			defaultConfigurationName = Release;
		};
		91D6EBB12B919BF600AF7542 /* Build configuration list for PBXNativeTarget "PrimoFiori" */ = {
			isa = XCConfigurationList;
			buildConfigurations = (
				91D6EBB22B919BF600AF7542 /* Debug */,
				91D6EBB32B919BF600AF7542 /* Release */,
			);
			defaultConfigurationIsVisible = 0;
			defaultConfigurationName = Release;
		};
		91D6EBB42B919BF600AF7542 /* Build configuration list for PBXNativeTarget "PrimoFioriTests" */ = {
			isa = XCConfigurationList;
			buildConfigurations = (
				91D6EBB52B919BF600AF7542 /* Debug */,
				91D6EBB62B919BF600AF7542 /* Release */,
			);
			defaultConfigurationIsVisible = 0;
			defaultConfigurationName = Release;
		};
		91D6EBB72B919BF600AF7542 /* Build configuration list for PBXNativeTarget "PrimoFioriUITests" */ = {
			isa = XCConfigurationList;
			buildConfigurations = (
				91D6EBB82B919BF600AF7542 /* Debug */,
				91D6EBB92B919BF600AF7542 /* Release */,
			);
			defaultConfigurationIsVisible = 0;
			defaultConfigurationName = Release;
		};
/* End XCConfigurationList section */

/* Begin XCVersionGroup section */
		91D6EB962B919BF600AF7542 /* PrimoFiori.xcdatamodeld */ = {
			isa = XCVersionGroup;
			children = (
				91D6EB972B919BF600AF7542 /* PrimoFiori.xcdatamodel */,
			);
			currentVersion = 91D6EB972B919BF600AF7542 /* PrimoFiori.xcdatamodel */;
			path = PrimoFiori.xcdatamodeld;
			sourceTree = "<group>";
			versionGroupType = wrapper.xcdatamodel;
		};
/* End XCVersionGroup section */
	};
	rootObject = 91D6EB802B919BF300AF7542 /* Project object */;
}
